
Microsoft Visual Studio Solution File, Format Version 12.00
# Visual Studio 14
VisualStudioVersion = 14.0.25420.1
MinimumVisualStudioVersion = 10.0.40219.1
Project("{FAE04EC0-301F-11D3-BF4B-00C04F79EFBC}") = "EverydayGoals.Droid", "EverydayGoals\EverydayGoals.Droid\EverydayGoals.Droid.csproj", "{A6CD836C-AE13-4DA1-9381-DAF25950DBEC}"
EndProject
Project("{FAE04EC0-301F-11D3-BF4B-00C04F79EFBC}") = "EverydayGoals.iOS", "EverydayGoals\EverydayGoals.iOS\EverydayGoals.iOS.csproj", "{71F51EDC-7BF6-4089-AFC8-90D0F206F1BD}"
EndProject
Project("{FAE04EC0-301F-11D3-BF4B-00C04F79EFBC}") = "EverydayGoals.WinPhone", "EverydayGoals\EverydayGoals.WinPhone\EverydayGoals.WinPhone.csproj", "{78F4C5D7-4892-4100-8917-0D928549CF9E}"
EndProject
Project("{FAE04EC0-301F-11D3-BF4B-00C04F79EFBC}") = "EverydayGoals", "EverydayGoals\EverydayGoals\EverydayGoals.csproj", "{B0F7CBC5-25B0-4BF6-B9FF-D085254543D2}"
EndProject
Project("{FAE04EC0-301F-11D3-BF4B-00C04F79EFBC}") = "EverydayGoals.UWP", "EverydayGoals.UWP\EverydayGoals.UWP.csproj", "{B34C5784-EFD6-4EF1-8257-8FE714E6B587}"
EndProject
Project("{FAE04EC0-301F-11D3-BF4B-00C04F79EFBC}") = "EverydayGoals.Web", "EverydayGoals.Web\EverydayGoals.Web.csproj", "{4DF692B9-E917-4A42-85DE-D2FA9D253778}"
EndProject
Project("{FAE04EC0-301F-11D3-BF4B-00C04F79EFBC}") = "EverydayGoals.Web.Tests", "EverydayGoals.Web.Tests\EverydayGoals.Web.Tests.csproj", "{4C952A0B-4B2A-49A2-883E-2DC508CBBB99}"
EndProject
Project("{FAE04EC0-301F-11D3-BF4B-00C04F79EFBC}") = "EverydayGoals.Tests", "EverydayGoals\EverydayGoals.Tests\EverydayGoals.Tests.csproj", "{D5DB414A-0BC1-443A-AD12-EFB268A48FC7}"
EndProject
Project("{2150E333-8FDC-42A3-9474-1A3956D46DE8}") = "EverydayGoalsTest", "EverydayGoalsTest", "{19720DA3-352C-4F81-BF6A-87F551D181A7}"
EndProject
Global
	GlobalSection(SolutionConfigurationPlatforms) = preSolution
		Debug|Any CPU = Debug|Any CPU
		Debug|ARM = Debug|ARM
		Debug|iPhone = Debug|iPhone
		Debug|iPhoneSimulator = Debug|iPhoneSimulator
		Debug|x64 = Debug|x64
		Debug|x86 = Debug|x86
		Release|Any CPU = Release|Any CPU
		Release|ARM = Release|ARM
		Release|iPhone = Release|iPhone
		Release|iPhoneSimulator = Release|iPhoneSimulator
		Release|x64 = Release|x64
		Release|x86 = Release|x86
	EndGlobalSection
	GlobalSection(ProjectConfigurationPlatforms) = postSolution
		{A6CD836C-AE13-4DA1-9381-DAF25950DBEC}.Debug|Any CPU.ActiveCfg = Debug|Any CPU
		{A6CD836C-AE13-4DA1-9381-DAF25950DBEC}.Debug|Any CPU.Build.0 = Debug|Any CPU
		{A6CD836C-AE13-4DA1-9381-DAF25950DBEC}.Debug|Any CPU.Deploy.0 = Debug|Any CPU
		{A6CD836C-AE13-4DA1-9381-DAF25950DBEC}.Debug|ARM.ActiveCfg = Debug|Any CPU
		{A6CD836C-AE13-4DA1-9381-DAF25950DBEC}.Debug|ARM.Build.0 = Debug|Any CPU
		{A6CD836C-AE13-4DA1-9381-DAF25950DBEC}.Debug|ARM.Deploy.0 = Debug|Any CPU
		{A6CD836C-AE13-4DA1-9381-DAF25950DBEC}.Debug|iPhone.ActiveCfg = Debug|Any CPU
		{A6CD836C-AE13-4DA1-9381-DAF25950DBEC}.Debug|iPhone.Build.0 = Debug|Any CPU
		{A6CD836C-AE13-4DA1-9381-DAF25950DBEC}.Debug|iPhone.Deploy.0 = Debug|Any CPU
		{A6CD836C-AE13-4DA1-9381-DAF25950DBEC}.Debug|iPhoneSimulator.ActiveCfg = Debug|Any CPU
		{A6CD836C-AE13-4DA1-9381-DAF25950DBEC}.Debug|iPhoneSimulator.Build.0 = Debug|Any CPU
		{A6CD836C-AE13-4DA1-9381-DAF25950DBEC}.Debug|iPhoneSimulator.Deploy.0 = Debug|Any CPU
		{A6CD836C-AE13-4DA1-9381-DAF25950DBEC}.Debug|x64.ActiveCfg = Debug|Any CPU
		{A6CD836C-AE13-4DA1-9381-DAF25950DBEC}.Debug|x64.Build.0 = Debug|Any CPU
		{A6CD836C-AE13-4DA1-9381-DAF25950DBEC}.Debug|x64.Deploy.0 = Debug|Any CPU
		{A6CD836C-AE13-4DA1-9381-DAF25950DBEC}.Debug|x86.ActiveCfg = Debug|Any CPU
		{A6CD836C-AE13-4DA1-9381-DAF25950DBEC}.Debug|x86.Build.0 = Debug|Any CPU
		{A6CD836C-AE13-4DA1-9381-DAF25950DBEC}.Debug|x86.Deploy.0 = Debug|Any CPU
		{A6CD836C-AE13-4DA1-9381-DAF25950DBEC}.Release|Any CPU.ActiveCfg = Release|Any CPU
		{A6CD836C-AE13-4DA1-9381-DAF25950DBEC}.Release|Any CPU.Build.0 = Release|Any CPU
		{A6CD836C-AE13-4DA1-9381-DAF25950DBEC}.Release|Any CPU.Deploy.0 = Release|Any CPU
		{A6CD836C-AE13-4DA1-9381-DAF25950DBEC}.Release|ARM.ActiveCfg = Release|Any CPU
		{A6CD836C-AE13-4DA1-9381-DAF25950DBEC}.Release|ARM.Build.0 = Release|Any CPU
		{A6CD836C-AE13-4DA1-9381-DAF25950DBEC}.Release|ARM.Deploy.0 = Release|Any CPU
		{A6CD836C-AE13-4DA1-9381-DAF25950DBEC}.Release|iPhone.ActiveCfg = Release|Any CPU
		{A6CD836C-AE13-4DA1-9381-DAF25950DBEC}.Release|iPhone.Build.0 = Release|Any CPU
		{A6CD836C-AE13-4DA1-9381-DAF25950DBEC}.Release|iPhone.Deploy.0 = Release|Any CPU
		{A6CD836C-AE13-4DA1-9381-DAF25950DBEC}.Release|iPhoneSimulator.ActiveCfg = Release|Any CPU
		{A6CD836C-AE13-4DA1-9381-DAF25950DBEC}.Release|iPhoneSimulator.Build.0 = Release|Any CPU
		{A6CD836C-AE13-4DA1-9381-DAF25950DBEC}.Release|iPhoneSimulator.Deploy.0 = Release|Any CPU
		{A6CD836C-AE13-4DA1-9381-DAF25950DBEC}.Release|x64.ActiveCfg = Release|Any CPU
		{A6CD836C-AE13-4DA1-9381-DAF25950DBEC}.Release|x64.Build.0 = Release|Any CPU
		{A6CD836C-AE13-4DA1-9381-DAF25950DBEC}.Release|x64.Deploy.0 = Release|Any CPU
		{A6CD836C-AE13-4DA1-9381-DAF25950DBEC}.Release|x86.ActiveCfg = Release|Any CPU
		{A6CD836C-AE13-4DA1-9381-DAF25950DBEC}.Release|x86.Build.0 = Release|Any CPU
		{A6CD836C-AE13-4DA1-9381-DAF25950DBEC}.Release|x86.Deploy.0 = Release|Any CPU
		{71F51EDC-7BF6-4089-AFC8-90D0F206F1BD}.Debug|Any CPU.ActiveCfg = Debug|iPhone
		{71F51EDC-7BF6-4089-AFC8-90D0F206F1BD}.Debug|ARM.ActiveCfg = Debug|iPhone
		{71F51EDC-7BF6-4089-AFC8-90D0F206F1BD}.Debug|iPhone.ActiveCfg = Debug|iPhone
		{71F51EDC-7BF6-4089-AFC8-90D0F206F1BD}.Debug|iPhone.Build.0 = Debug|iPhone
		{71F51EDC-7BF6-4089-AFC8-90D0F206F1BD}.Debug|iPhoneSimulator.ActiveCfg = Debug|iPhoneSimulator
		{71F51EDC-7BF6-4089-AFC8-90D0F206F1BD}.Debug|iPhoneSimulator.Build.0 = Debug|iPhoneSimulator
		{71F51EDC-7BF6-4089-AFC8-90D0F206F1BD}.Debug|x64.ActiveCfg = Debug|iPhone
		{71F51EDC-7BF6-4089-AFC8-90D0F206F1BD}.Debug|x86.ActiveCfg = Debug|iPhone
		{71F51EDC-7BF6-4089-AFC8-90D0F206F1BD}.Release|Any CPU.ActiveCfg = Release|iPhone
		{71F51EDC-7BF6-4089-AFC8-90D0F206F1BD}.Release|ARM.ActiveCfg = Release|iPhone
		{71F51EDC-7BF6-4089-AFC8-90D0F206F1BD}.Release|iPhone.ActiveCfg = Release|iPhone
		{71F51EDC-7BF6-4089-AFC8-90D0F206F1BD}.Release|iPhone.Build.0 = Release|iPhone
		{71F51EDC-7BF6-4089-AFC8-90D0F206F1BD}.Release|iPhoneSimulator.ActiveCfg = Release|iPhoneSimulator
		{71F51EDC-7BF6-4089-AFC8-90D0F206F1BD}.Release|iPhoneSimulator.Build.0 = Release|iPhoneSimulator
		{71F51EDC-7BF6-4089-AFC8-90D0F206F1BD}.Release|x64.ActiveCfg = Release|iPhone
		{71F51EDC-7BF6-4089-AFC8-90D0F206F1BD}.Release|x86.ActiveCfg = Release|iPhone
		{78F4C5D7-4892-4100-8917-0D928549CF9E}.Debug|Any CPU.ActiveCfg = Debug|Any CPU
		{78F4C5D7-4892-4100-8917-0D928549CF9E}.Debug|Any CPU.Build.0 = Debug|Any CPU
		{78F4C5D7-4892-4100-8917-0D928549CF9E}.Debug|Any CPU.Deploy.0 = Debug|Any CPU
		{78F4C5D7-4892-4100-8917-0D928549CF9E}.Debug|ARM.ActiveCfg = Debug|ARM
		{78F4C5D7-4892-4100-8917-0D928549CF9E}.Debug|ARM.Build.0 = Debug|ARM
		{78F4C5D7-4892-4100-8917-0D928549CF9E}.Debug|ARM.Deploy.0 = Debug|ARM
		{78F4C5D7-4892-4100-8917-0D928549CF9E}.Debug|iPhone.ActiveCfg = Debug|Any CPU
		{78F4C5D7-4892-4100-8917-0D928549CF9E}.Debug|iPhone.Build.0 = Debug|Any CPU
		{78F4C5D7-4892-4100-8917-0D928549CF9E}.Debug|iPhone.Deploy.0 = Debug|Any CPU
		{78F4C5D7-4892-4100-8917-0D928549CF9E}.Debug|iPhoneSimulator.ActiveCfg = Debug|Any CPU
		{78F4C5D7-4892-4100-8917-0D928549CF9E}.Debug|iPhoneSimulator.Build.0 = Debug|Any CPU
		{78F4C5D7-4892-4100-8917-0D928549CF9E}.Debug|iPhoneSimulator.Deploy.0 = Debug|Any CPU
		{78F4C5D7-4892-4100-8917-0D928549CF9E}.Debug|x64.ActiveCfg = Debug|Any CPU
		{78F4C5D7-4892-4100-8917-0D928549CF9E}.Debug|x64.Build.0 = Debug|Any CPU
		{78F4C5D7-4892-4100-8917-0D928549CF9E}.Debug|x64.Deploy.0 = Debug|Any CPU
		{78F4C5D7-4892-4100-8917-0D928549CF9E}.Debug|x86.ActiveCfg = Debug|x86
		{78F4C5D7-4892-4100-8917-0D928549CF9E}.Debug|x86.Build.0 = Debug|x86
		{78F4C5D7-4892-4100-8917-0D928549CF9E}.Debug|x86.Deploy.0 = Debug|x86
		{78F4C5D7-4892-4100-8917-0D928549CF9E}.Release|Any CPU.ActiveCfg = Release|Any CPU
		{78F4C5D7-4892-4100-8917-0D928549CF9E}.Release|Any CPU.Build.0 = Release|Any CPU
		{78F4C5D7-4892-4100-8917-0D928549CF9E}.Release|Any CPU.Deploy.0 = Release|Any CPU
		{78F4C5D7-4892-4100-8917-0D928549CF9E}.Release|ARM.ActiveCfg = Release|ARM
		{78F4C5D7-4892-4100-8917-0D928549CF9E}.Release|ARM.Build.0 = Release|ARM
		{78F4C5D7-4892-4100-8917-0D928549CF9E}.Release|ARM.Deploy.0 = Release|ARM
		{78F4C5D7-4892-4100-8917-0D928549CF9E}.Release|iPhone.ActiveCfg = Release|Any CPU
		{78F4C5D7-4892-4100-8917-0D928549CF9E}.Release|iPhone.Build.0 = Release|Any CPU
		{78F4C5D7-4892-4100-8917-0D928549CF9E}.Release|iPhone.Deploy.0 = Release|Any CPU
		{78F4C5D7-4892-4100-8917-0D928549CF9E}.Release|iPhoneSimulator.ActiveCfg = Release|Any CPU
		{78F4C5D7-4892-4100-8917-0D928549CF9E}.Release|iPhoneSimulator.Build.0 = Release|Any CPU
		{78F4C5D7-4892-4100-8917-0D928549CF9E}.Release|iPhoneSimulator.Deploy.0 = Release|Any CPU
		{78F4C5D7-4892-4100-8917-0D928549CF9E}.Release|x64.ActiveCfg = Release|Any CPU
		{78F4C5D7-4892-4100-8917-0D928549CF9E}.Release|x64.Build.0 = Release|Any CPU
		{78F4C5D7-4892-4100-8917-0D928549CF9E}.Release|x64.Deploy.0 = Release|Any CPU
		{78F4C5D7-4892-4100-8917-0D928549CF9E}.Release|x86.ActiveCfg = Release|x86
		{78F4C5D7-4892-4100-8917-0D928549CF9E}.Release|x86.Build.0 = Release|x86
		{78F4C5D7-4892-4100-8917-0D928549CF9E}.Release|x86.Deploy.0 = Release|x86
		{B0F7CBC5-25B0-4BF6-B9FF-D085254543D2}.Debug|Any CPU.ActiveCfg = Debug|Any CPU
		{B0F7CBC5-25B0-4BF6-B9FF-D085254543D2}.Debug|Any CPU.Build.0 = Debug|Any CPU
		{B0F7CBC5-25B0-4BF6-B9FF-D085254543D2}.Debug|ARM.ActiveCfg = Debug|Any CPU
		{B0F7CBC5-25B0-4BF6-B9FF-D085254543D2}.Debug|ARM.Build.0 = Debug|Any CPU
		{B0F7CBC5-25B0-4BF6-B9FF-D085254543D2}.Debug|iPhone.ActiveCfg = Debug|Any CPU
		{B0F7CBC5-25B0-4BF6-B9FF-D085254543D2}.Debug|iPhone.Build.0 = Debug|Any CPU
		{B0F7CBC5-25B0-4BF6-B9FF-D085254543D2}.Debug|iPhoneSimulator.ActiveCfg = Debug|Any CPU
		{B0F7CBC5-25B0-4BF6-B9FF-D085254543D2}.Debug|iPhoneSimulator.Build.0 = Debug|Any CPU
		{B0F7CBC5-25B0-4BF6-B9FF-D085254543D2}.Debug|x64.ActiveCfg = Debug|Any CPU
		{B0F7CBC5-25B0-4BF6-B9FF-D085254543D2}.Debug|x64.Build.0 = Debug|Any CPU
		{B0F7CBC5-25B0-4BF6-B9FF-D085254543D2}.Debug|x86.ActiveCfg = Debug|Any CPU
		{B0F7CBC5-25B0-4BF6-B9FF-D085254543D2}.Debug|x86.Build.0 = Debug|Any CPU
		{B0F7CBC5-25B0-4BF6-B9FF-D085254543D2}.Release|Any CPU.ActiveCfg = Release|Any CPU
		{B0F7CBC5-25B0-4BF6-B9FF-D085254543D2}.Release|Any CPU.Build.0 = Release|Any CPU
		{B0F7CBC5-25B0-4BF6-B9FF-D085254543D2}.Release|ARM.ActiveCfg = Release|Any CPU
		{B0F7CBC5-25B0-4BF6-B9FF-D085254543D2}.Release|ARM.Build.0 = Release|Any CPU
		{B0F7CBC5-25B0-4BF6-B9FF-D085254543D2}.Release|iPhone.ActiveCfg = Release|Any CPU
		{B0F7CBC5-25B0-4BF6-B9FF-D085254543D2}.Release|iPhone.Build.0 = Release|Any CPU
		{B0F7CBC5-25B0-4BF6-B9FF-D085254543D2}.Release|iPhoneSimulator.ActiveCfg = Release|Any CPU
		{B0F7CBC5-25B0-4BF6-B9FF-D085254543D2}.Release|iPhoneSimulator.Build.0 = Release|Any CPU
		{B0F7CBC5-25B0-4BF6-B9FF-D085254543D2}.Release|x64.ActiveCfg = Release|Any CPU
		{B0F7CBC5-25B0-4BF6-B9FF-D085254543D2}.Release|x64.Build.0 = Release|Any CPU
		{B0F7CBC5-25B0-4BF6-B9FF-D085254543D2}.Release|x86.ActiveCfg = Release|Any CPU
		{B0F7CBC5-25B0-4BF6-B9FF-D085254543D2}.Release|x86.Build.0 = Release|Any CPU
		{B34C5784-EFD6-4EF1-8257-8FE714E6B587}.Debug|Any CPU.ActiveCfg = Debug|x86
		{B34C5784-EFD6-4EF1-8257-8FE714E6B587}.Debug|ARM.ActiveCfg = Debug|ARM
		{B34C5784-EFD6-4EF1-8257-8FE714E6B587}.Debug|ARM.Build.0 = Debug|ARM
		{B34C5784-EFD6-4EF1-8257-8FE714E6B587}.Debug|ARM.Deploy.0 = Debug|ARM
		{B34C5784-EFD6-4EF1-8257-8FE714E6B587}.Debug|iPhone.ActiveCfg = Debug|x86
		{B34C5784-EFD6-4EF1-8257-8FE714E6B587}.Debug|iPhoneSimulator.ActiveCfg = Debug|x86
		{B34C5784-EFD6-4EF1-8257-8FE714E6B587}.Debug|x64.ActiveCfg = Debug|x64
		{B34C5784-EFD6-4EF1-8257-8FE714E6B587}.Debug|x64.Build.0 = Debug|x64
		{B34C5784-EFD6-4EF1-8257-8FE714E6B587}.Debug|x64.Deploy.0 = Debug|x64
		{B34C5784-EFD6-4EF1-8257-8FE714E6B587}.Debug|x86.ActiveCfg = Debug|x86
		{B34C5784-EFD6-4EF1-8257-8FE714E6B587}.Debug|x86.Build.0 = Debug|x86
		{B34C5784-EFD6-4EF1-8257-8FE714E6B587}.Debug|x86.Deploy.0 = Debug|x86
		{B34C5784-EFD6-4EF1-8257-8FE714E6B587}.Release|Any CPU.ActiveCfg = Release|x86
		{B34C5784-EFD6-4EF1-8257-8FE714E6B587}.Release|ARM.ActiveCfg = Release|ARM
		{B34C5784-EFD6-4EF1-8257-8FE714E6B587}.Release|ARM.Build.0 = Release|ARM
		{B34C5784-EFD6-4EF1-8257-8FE714E6B587}.Release|ARM.Deploy.0 = Release|ARM
		{B34C5784-EFD6-4EF1-8257-8FE714E6B587}.Release|iPhone.ActiveCfg = Release|x86
		{B34C5784-EFD6-4EF1-8257-8FE714E6B587}.Release|iPhoneSimulator.ActiveCfg = Release|x86
		{B34C5784-EFD6-4EF1-8257-8FE714E6B587}.Release|x64.ActiveCfg = Release|x64
		{B34C5784-EFD6-4EF1-8257-8FE714E6B587}.Release|x64.Build.0 = Release|x64
		{B34C5784-EFD6-4EF1-8257-8FE714E6B587}.Release|x64.Deploy.0 = Release|x64
		{B34C5784-EFD6-4EF1-8257-8FE714E6B587}.Release|x86.ActiveCfg = Release|x86
		{B34C5784-EFD6-4EF1-8257-8FE714E6B587}.Release|x86.Build.0 = Release|x86
		{B34C5784-EFD6-4EF1-8257-8FE714E6B587}.Release|x86.Deploy.0 = Release|x86
		{4DF692B9-E917-4A42-85DE-D2FA9D253778}.Debug|Any CPU.ActiveCfg = Debug|Any CPU
		{4DF692B9-E917-4A42-85DE-D2FA9D253778}.Debug|Any CPU.Build.0 = Debug|Any CPU
		{4DF692B9-E917-4A42-85DE-D2FA9D253778}.Debug|ARM.ActiveCfg = Debug|Any CPU
		{4DF692B9-E917-4A42-85DE-D2FA9D253778}.Debug|ARM.Build.0 = Debug|Any CPU
		{4DF692B9-E917-4A42-85DE-D2FA9D253778}.Debug|iPhone.ActiveCfg = Debug|Any CPU
		{4DF692B9-E917-4A42-85DE-D2FA9D253778}.Debug|iPhone.Build.0 = Debug|Any CPU
		{4DF692B9-E917-4A42-85DE-D2FA9D253778}.Debug|iPhoneSimulator.ActiveCfg = Debug|Any CPU
		{4DF692B9-E917-4A42-85DE-D2FA9D253778}.Debug|iPhoneSimulator.Build.0 = Debug|Any CPU
		{4DF692B9-E917-4A42-85DE-D2FA9D253778}.Debug|x64.ActiveCfg = Debug|Any CPU
		{4DF692B9-E917-4A42-85DE-D2FA9D253778}.Debug|x64.Build.0 = Debug|Any CPU
		{4DF692B9-E917-4A42-85DE-D2FA9D253778}.Debug|x86.ActiveCfg = Debug|Any CPU
		{4DF692B9-E917-4A42-85DE-D2FA9D253778}.Debug|x86.Build.0 = Debug|Any CPU
		{4DF692B9-E917-4A42-85DE-D2FA9D253778}.Release|Any CPU.ActiveCfg = Release|Any CPU
		{4DF692B9-E917-4A42-85DE-D2FA9D253778}.Release|Any CPU.Build.0 = Release|Any CPU
		{4DF692B9-E917-4A42-85DE-D2FA9D253778}.Release|ARM.ActiveCfg = Release|Any CPU
		{4DF692B9-E917-4A42-85DE-D2FA9D253778}.Release|ARM.Build.0 = Release|Any CPU
		{4DF692B9-E917-4A42-85DE-D2FA9D253778}.Release|iPhone.ActiveCfg = Release|Any CPU
		{4DF692B9-E917-4A42-85DE-D2FA9D253778}.Release|iPhone.Build.0 = Release|Any CPU
		{4DF692B9-E917-4A42-85DE-D2FA9D253778}.Release|iPhoneSimulator.ActiveCfg = Release|Any CPU
		{4DF692B9-E917-4A42-85DE-D2FA9D253778}.Release|iPhoneSimulator.Build.0 = Release|Any CPU
		{4DF692B9-E917-4A42-85DE-D2FA9D253778}.Release|x64.ActiveCfg = Release|Any CPU
		{4DF692B9-E917-4A42-85DE-D2FA9D253778}.Release|x64.Build.0 = Release|Any CPU
		{4DF692B9-E917-4A42-85DE-D2FA9D253778}.Release|x86.ActiveCfg = Release|Any CPU
		{4DF692B9-E917-4A42-85DE-D2FA9D253778}.Release|x86.Build.0 = Release|Any CPU
		{4C952A0B-4B2A-49A2-883E-2DC508CBBB99}.Debug|Any CPU.ActiveCfg = Debug|Any CPU
		{4C952A0B-4B2A-49A2-883E-2DC508CBBB99}.Debug|Any CPU.Build.0 = Debug|Any CPU
		{4C952A0B-4B2A-49A2-883E-2DC508CBBB99}.Debug|ARM.ActiveCfg = Debug|Any CPU
		{4C952A0B-4B2A-49A2-883E-2DC508CBBB99}.Debug|ARM.Build.0 = Debug|Any CPU
		{4C952A0B-4B2A-49A2-883E-2DC508CBBB99}.Debug|iPhone.ActiveCfg = Debug|Any CPU
		{4C952A0B-4B2A-49A2-883E-2DC508CBBB99}.Debug|iPhone.Build.0 = Debug|Any CPU
		{4C952A0B-4B2A-49A2-883E-2DC508CBBB99}.Debug|iPhoneSimulator.ActiveCfg = Debug|Any CPU
		{4C952A0B-4B2A-49A2-883E-2DC508CBBB99}.Debug|iPhoneSimulator.Build.0 = Debug|Any CPU
		{4C952A0B-4B2A-49A2-883E-2DC508CBBB99}.Debug|x64.ActiveCfg = Debug|Any CPU
		{4C952A0B-4B2A-49A2-883E-2DC508CBBB99}.Debug|x64.Build.0 = Debug|Any CPU
		{4C952A0B-4B2A-49A2-883E-2DC508CBBB99}.Debug|x86.ActiveCfg = Debug|Any CPU
		{4C952A0B-4B2A-49A2-883E-2DC508CBBB99}.Debug|x86.Build.0 = Debug|Any CPU
		{4C952A0B-4B2A-49A2-883E-2DC508CBBB99}.Release|Any CPU.ActiveCfg = Release|Any CPU
		{4C952A0B-4B2A-49A2-883E-2DC508CBBB99}.Release|Any CPU.Build.0 = Release|Any CPU
		{4C952A0B-4B2A-49A2-883E-2DC508CBBB99}.Release|ARM.ActiveCfg = Release|Any CPU
		{4C952A0B-4B2A-49A2-883E-2DC508CBBB99}.Release|ARM.Build.0 = Release|Any CPU
		{4C952A0B-4B2A-49A2-883E-2DC508CBBB99}.Release|iPhone.ActiveCfg = Release|Any CPU
		{4C952A0B-4B2A-49A2-883E-2DC508CBBB99}.Release|iPhone.Build.0 = Release|Any CPU
		{4C952A0B-4B2A-49A2-883E-2DC508CBBB99}.Release|iPhoneSimulator.ActiveCfg = Release|Any CPU
		{4C952A0B-4B2A-49A2-883E-2DC508CBBB99}.Release|iPhoneSimulator.Build.0 = Release|Any CPU
		{4C952A0B-4B2A-49A2-883E-2DC508CBBB99}.Release|x64.ActiveCfg = Release|Any CPU
		{4C952A0B-4B2A-49A2-883E-2DC508CBBB99}.Release|x64.Build.0 = Release|Any CPU
		{4C952A0B-4B2A-49A2-883E-2DC508CBBB99}.Release|x86.ActiveCfg = Release|Any CPU
		{4C952A0B-4B2A-49A2-883E-2DC508CBBB99}.Release|x86.Build.0 = Release|Any CPU
		{D5DB414A-0BC1-443A-AD12-EFB268A48FC7}.Debug|Any CPU.ActiveCfg = Debug|Any CPU
		{D5DB414A-0BC1-443A-AD12-EFB268A48FC7}.Debug|Any CPU.Build.0 = Debug|Any CPU
		{D5DB414A-0BC1-443A-AD12-EFB268A48FC7}.Debug|ARM.ActiveCfg = Debug|Any CPU
		{D5DB414A-0BC1-443A-AD12-EFB268A48FC7}.Debug|ARM.Build.0 = Debug|Any CPU
		{D5DB414A-0BC1-443A-AD12-EFB268A48FC7}.Debug|iPhone.ActiveCfg = Debug|Any CPU
		{D5DB414A-0BC1-443A-AD12-EFB268A48FC7}.Debug|iPhone.Build.0 = Debug|Any CPU
		{D5DB414A-0BC1-443A-AD12-EFB268A48FC7}.Debug|iPhoneSimulator.ActiveCfg = Debug|Any CPU
		{D5DB414A-0BC1-443A-AD12-EFB268A48FC7}.Debug|iPhoneSimulator.Build.0 = Debug|Any CPU
		{D5DB414A-0BC1-443A-AD12-EFB268A48FC7}.Debug|x64.ActiveCfg = Debug|Any CPU
		{D5DB414A-0BC1-443A-AD12-EFB268A48FC7}.Debug|x64.Build.0 = Debug|Any CPU
		{D5DB414A-0BC1-443A-AD12-EFB268A48FC7}.Debug|x86.ActiveCfg = Debug|Any CPU
		{D5DB414A-0BC1-443A-AD12-EFB268A48FC7}.Debug|x86.Build.0 = Debug|Any CPU
		{D5DB414A-0BC1-443A-AD12-EFB268A48FC7}.Release|Any CPU.ActiveCfg = Release|Any CPU
		{D5DB414A-0BC1-443A-AD12-EFB268A48FC7}.Release|Any CPU.Build.0 = Release|Any CPU
		{D5DB414A-0BC1-443A-AD12-EFB268A48FC7}.Release|ARM.ActiveCfg = Release|Any CPU
		{D5DB414A-0BC1-443A-AD12-EFB268A48FC7}.Release|ARM.Build.0 = Release|Any CPU
		{D5DB414A-0BC1-443A-AD12-EFB268A48FC7}.Release|iPhone.ActiveCfg = Release|Any CPU
		{D5DB414A-0BC1-443A-AD12-EFB268A48FC7}.Release|iPhone.Build.0 = Release|Any CPU
		{D5DB414A-0BC1-443A-AD12-EFB268A48FC7}.Release|iPhoneSimulator.ActiveCfg = Release|Any CPU
		{D5DB414A-0BC1-443A-AD12-EFB268A48FC7}.Release|iPhoneSimulator.Build.0 = Release|Any CPU
		{D5DB414A-0BC1-443A-AD12-EFB268A48FC7}.Release|x64.ActiveCfg = Release|Any CPU
		{D5DB414A-0BC1-443A-AD12-EFB268A48FC7}.Release|x64.Build.0 = Release|Any CPU
		{D5DB414A-0BC1-443A-AD12-EFB268A48FC7}.Release|x86.ActiveCfg = Release|Any CPU
		{D5DB414A-0BC1-443A-AD12-EFB268A48FC7}.Release|x86.Build.0 = Release|Any CPU
	EndGlobalSection
	GlobalSection(SolutionProperties) = preSolution
		HideSolutionNode = FALSE
	EndGlobalSection
	GlobalSection(NestedProjects) = preSolution
		{4C952A0B-4B2A-49A2-883E-2DC508CBBB99} = {19720DA3-352C-4F81-BF6A-87F551D181A7}
		{D5DB414A-0BC1-443A-AD12-EFB268A48FC7} = {19720DA3-352C-4F81-BF6A-87F551D181A7}
	EndGlobalSection
EndGlobal
